
Microsoft Visual Studio Solution File, Format Version 12.00
# Visual Studio Version 17
VisualStudioVersion = 17.6.33723.286
MinimumVisualStudioVersion = 10.0.40219.1
Project("{FAE04EC0-301F-11D3-BF4B-00C04F79EFBC}") = "BindingValidationRoutingDemo", "BindingValidationRoutingDemo\BindingValidationRoutingDemo.csproj", "{CDC0FE2B-CC62-467D-AB76-DCD13C238719}"
EndProject
Global
	GlobalSection(SolutionConfigurationPlatforms) = preSolution
		Debug|Any CPU = Debug|Any CPU
		Release|Any CPU = Release|Any CPU
	EndGlobalSection
	GlobalSection(ProjectConfigurationPlatforms) = postSolution
		{CDC0FE2B-CC62-467D-AB76-DCD13C238719}.Debug|Any CPU.ActiveCfg = Debug|Any CPU
		{CDC0FE2B-CC62-467D-AB76-DCD13C238719}.Debug|Any CPU.Build.0 = Debug|Any CPU
		{CDC0FE2B-CC62-467D-AB76-DCD13C238719}.Release|Any CPU.ActiveCfg = Release|Any CPU
		{CDC0FE2B-CC62-467D-AB76-DCD13C238719}.Release|Any CPU.Build.0 = Release|Any CPU
	EndGlobalSection
	GlobalSection(SolutionProperties) = preSolution
		HideSolutionNode = FALSE
	EndGlobalSection
	GlobalSection(ExtensibilityGlobals) = postSolution
		SolutionGuid = {CA9437DF-A0CD-42B9-8E40-501A90B9FFC3}
	EndGlobalSection
EndGlobal
